{
  "originHash" : "daa60145991f893980d2d7c5cd86a71254208669f5050d1883a4f34b23f65fed",
  "pins" : [
    {
      "identity" : "realm-core",
      "kind" : "remoteSourceControl",
      "location" : "https://github.com/realm/realm-core.git",
      "state" : {
        "revision" : "4d815c6e6883bfdcb67cf755d0f0f29a4b399ea7",
        "version" : "14.5.2"
      }
    },
    {
      "identity" : "realm-swift?tab=readme-ov-file",
      "kind" : "remoteSourceControl",
      "location" : "https://github.com/realm/realm-swift?tab=readme-ov-file",
      "state" : {
        "branch" : "master",
        "revision" : "309003bb852df09585b8912720d3f6ee5023afbe"
      }
    },
    {
      "identity" : "snapkit",
      "kind" : "remoteSourceControl",
      "location" : "https://github.com/SnapKit/SnapKit.git",
      "state" : {
        "revision" : "2842e6e84e82eb9a8dac0100ca90d9444b0307f4",
        "version" : "5.7.1"
      }
    }
  ],
  "version" : 3
}
